// !$*UTF8*$!
{
	archiveVersion = 1;
	classes = {
	};
	objectVersion = 50;
	objects = {

/* Begin PBXBuildFile section */
		6C34A800208DD7CD00F9C6FE /* RCTTelinkBt.m in Sources */ = {isa = PBXBuildFile; fileRef = 6C34A7FF208DD7CD00F9C6FE /* RCTTelinkBt.m */; };
		6CAC7A1D20A139F000B31D67 /* UIWindow+ARShow.m in Sources */ = {isa = PBXBuildFile; fileRef = 6CAC7A1420A139EE00B31D67 /* UIWindow+ARShow.m */; };
		6CAC7A1E20A139F000B31D67 /* DeviceModel.m in Sources */ = {isa = PBXBuildFile; fileRef = 6CAC7A1520A139EE00B31D67 /* DeviceModel.m */; };
		6CAC7A1F20A139F000B31D67 /* BTDevItem.m in Sources */ = {isa = PBXBuildFile; fileRef = 6CAC7A1620A139EE00B31D67 /* BTDevItem.m */; };
		6CAC7A2020A139F000B31D67 /* TranslateTool.m in Sources */ = {isa = PBXBuildFile; fileRef = 6CAC7A1720A139EE00B31D67 /* TranslateTool.m */; };
		6CAC7A2120A139F000B31D67 /* BTCentralManager.m in Sources */ = {isa = PBXBuildFile; fileRef = 6CAC7A1820A139EE00B31D67 /* BTCentralManager.m */; };
		6CAC7A2220A139F000B31D67 /* CryptoUtil.c in Sources */ = {isa = PBXBuildFile; fileRef = 6CAC7A1A20A139EF00B31D67 /* CryptoUtil.c */; };
		6CAC7A2320A139F000B31D67 /* CryptoAction.m in Sources */ = {isa = PBXBuildFile; fileRef = 6CAC7A1B20A139EF00B31D67 /* CryptoAction.m */; };
/* End PBXBuildFile section */

/* Begin PBXCopyFilesBuildPhase section */
		6C006F07208DBE5100A995E9 /* CopyFiles */ = {
			isa = PBXCopyFilesBuildPhase;
			buildActionMask = 2147483647;
			dstPath = "include/$(PRODUCT_NAME)";
			dstSubfolderSpec = 16;
			files = (
			);
			runOnlyForDeploymentPostprocessing = 0;
		};
/* End PBXCopyFilesBuildPhase section */

/* Begin PBXFileReference section */
		6C006F09208DBE5100A995E9 /* libRCTTelinkBt.a */ = {isa = PBXFileReference; explicitFileType = archive.ar; includeInIndex = 0; path = libRCTTelinkBt.a; sourceTree = BUILT_PRODUCTS_DIR; };
		6C34A7FE208DD7B300F9C6FE /* RCTTelinkBt.h */ = {isa = PBXFileReference; lastKnownFileType = sourcecode.c.h; path = RCTTelinkBt.h; sourceTree = "<group>"; };
		6C34A7FF208DD7CD00F9C6FE /* RCTTelinkBt.m */ = {isa = PBXFileReference; lastKnownFileType = sourcecode.c.objc; path = RCTTelinkBt.m; sourceTree = "<group>"; };
		6CAC7A0D20A139EC00B31D67 /* BTCentralManager.h */ = {isa = PBXFileReference; fileEncoding = 4; lastKnownFileType = sourcecode.c.h; path = BTCentralManager.h; sourceTree = "<group>"; };
		6CAC7A0E20A139EC00B31D67 /* BTConst.h */ = {isa = PBXFileReference; fileEncoding = 4; lastKnownFileType = sourcecode.c.h; path = BTConst.h; sourceTree = "<group>"; };
		6CAC7A0F20A139ED00B31D67 /* CryptoUtil.h */ = {isa = PBXFileReference; fileEncoding = 4; lastKnownFileType = sourcecode.c.h; path = CryptoUtil.h; sourceTree = "<group>"; };
		6CAC7A1020A139ED00B31D67 /* DeviceModel.h */ = {isa = PBXFileReference; fileEncoding = 4; lastKnownFileType = sourcecode.c.h; path = DeviceModel.h; sourceTree = "<group>"; };
		6CAC7A1120A139ED00B31D67 /* TranslateTool.h */ = {isa = PBXFileReference; fileEncoding = 4; lastKnownFileType = sourcecode.c.h; path = TranslateTool.h; sourceTree = "<group>"; };
		6CAC7A1220A139ED00B31D67 /* DemoDefine.h */ = {isa = PBXFileReference; fileEncoding = 4; lastKnownFileType = sourcecode.c.h; path = DemoDefine.h; sourceTree = "<group>"; };
		6CAC7A1320A139ED00B31D67 /* BTDevItem.h */ = {isa = PBXFileReference; fileEncoding = 4; lastKnownFileType = sourcecode.c.h; path = BTDevItem.h; sourceTree = "<group>"; };
		6CAC7A1420A139EE00B31D67 /* UIWindow+ARShow.m */ = {isa = PBXFileReference; fileEncoding = 4; lastKnownFileType = sourcecode.c.objc; path = "UIWindow+ARShow.m"; sourceTree = "<group>"; };
		6CAC7A1520A139EE00B31D67 /* DeviceModel.m */ = {isa = PBXFileReference; fileEncoding = 4; lastKnownFileType = sourcecode.c.objc; path = DeviceModel.m; sourceTree = "<group>"; };
		6CAC7A1620A139EE00B31D67 /* BTDevItem.m */ = {isa = PBXFileReference; fileEncoding = 4; lastKnownFileType = sourcecode.c.objc; path = BTDevItem.m; sourceTree = "<group>"; };
		6CAC7A1720A139EE00B31D67 /* TranslateTool.m */ = {isa = PBXFileReference; fileEncoding = 4; lastKnownFileType = sourcecode.c.objc; path = TranslateTool.m; sourceTree = "<group>"; };
		6CAC7A1820A139EE00B31D67 /* BTCentralManager.m */ = {isa = PBXFileReference; fileEncoding = 4; lastKnownFileType = sourcecode.c.objc; path = BTCentralManager.m; sourceTree = "<group>"; };
		6CAC7A1920A139EF00B31D67 /* UIWindow+ARShow.h */ = {isa = PBXFileReference; fileEncoding = 4; lastKnownFileType = sourcecode.c.h; path = "UIWindow+ARShow.h"; sourceTree = "<group>"; };
		6CAC7A1A20A139EF00B31D67 /* CryptoUtil.c */ = {isa = PBXFileReference; fileEncoding = 4; lastKnownFileType = sourcecode.c.c; path = CryptoUtil.c; sourceTree = "<group>"; };
		6CAC7A1B20A139EF00B31D67 /* CryptoAction.m */ = {isa = PBXFileReference; fileEncoding = 4; lastKnownFileType = sourcecode.c.objc; path = CryptoAction.m; sourceTree = "<group>"; };
		6CAC7A1C20A139EF00B31D67 /* CryptoAction.h */ = {isa = PBXFileReference; fileEncoding = 4; lastKnownFileType = sourcecode.c.h; path = CryptoAction.h; sourceTree = "<group>"; };
/* End PBXFileReference section */

/* Begin PBXFrameworksBuildPhase section */
		6C006F06208DBE5100A995E9 /* Frameworks */ = {
			isa = PBXFrameworksBuildPhase;
			buildActionMask = 2147483647;
			files = (
			);
			runOnlyForDeploymentPostprocessing = 0;
		};
/* End PBXFrameworksBuildPhase section */

/* Begin PBXGroup section */
		6C006F00208DBE5000A995E9 = {
			isa = PBXGroup;
			children = (
				6C34A7FC208DD4CF00F9C6FE /* RCTTelinkBt */,
				6C006F0B208DBE5100A995E9 /* TelinkBtSDK */,
				6C006F0A208DBE5100A995E9 /* Products */,
			);
			sourceTree = "<group>";
		};
		6C006F0A208DBE5100A995E9 /* Products */ = {
			isa = PBXGroup;
			children = (
				6C006F09208DBE5100A995E9 /* libRCTTelinkBt.a */,
			);
			name = Products;
			sourceTree = "<group>";
		};
		6C006F0B208DBE5100A995E9 /* TelinkBtSDK */ = {
			isa = PBXGroup;
			children = (
				6CAC7A0D20A139EC00B31D67 /* BTCentralManager.h */,
				6CAC7A1820A139EE00B31D67 /* BTCentralManager.m */,
				6CAC7A0E20A139EC00B31D67 /* BTConst.h */,
				6CAC7A1320A139ED00B31D67 /* BTDevItem.h */,
				6CAC7A1620A139EE00B31D67 /* BTDevItem.m */,
				6CAC7A1C20A139EF00B31D67 /* CryptoAction.h */,
				6CAC7A1B20A139EF00B31D67 /* CryptoAction.m */,
				6CAC7A1A20A139EF00B31D67 /* CryptoUtil.c */,
				6CAC7A0F20A139ED00B31D67 /* CryptoUtil.h */,
				6CAC7A1220A139ED00B31D67 /* DemoDefine.h */,
				6CAC7A1020A139ED00B31D67 /* DeviceModel.h */,
				6CAC7A1520A139EE00B31D67 /* DeviceModel.m */,
				6CAC7A1120A139ED00B31D67 /* TranslateTool.h */,
				6CAC7A1720A139EE00B31D67 /* TranslateTool.m */,
				6CAC7A1920A139EF00B31D67 /* UIWindow+ARShow.h */,
				6CAC7A1420A139EE00B31D67 /* UIWindow+ARShow.m */,
			);
			path = TelinkBtSDK;
			sourceTree = "<group>";
		};
		6C34A7FC208DD4CF00F9C6FE /* RCTTelinkBt */ = {
			isa = PBXGroup;
			children = (
				6C34A7FE208DD7B300F9C6FE /* RCTTelinkBt.h */,
				6C34A7FF208DD7CD00F9C6FE /* RCTTelinkBt.m */,
			);
			path = RCTTelinkBt;
			sourceTree = "<group>";
		};
/* End PBXGroup section */

/* Begin PBXNativeTarget section */
		6C006F08208DBE5100A995E9 /* RCTTelinkBt */ = {
			isa = PBXNativeTarget;
			buildConfigurationList = 6C006F12208DBE5100A995E9 /* Build configuration list for PBXNativeTarget "RCTTelinkBt" */;
			buildPhases = (
				6C006F05208DBE5100A995E9 /* Sources */,
				6C006F06208DBE5100A995E9 /* Frameworks */,
				6C006F07208DBE5100A995E9 /* CopyFiles */,
			);
			buildRules = (
			);
			dependencies = (
			);
			name = RCTTelinkBt;
			productName = RCTTelinkBt;
			productReference = 6C006F09208DBE5100A995E9 /* libRCTTelinkBt.a */;
			productType = "com.apple.product-type.library.static";
		};
/* End PBXNativeTarget section */

/* Begin PBXProject section */
		6C006F01208DBE5000A995E9 /* Project object */ = {
			isa = PBXProject;
			attributes = {
				LastUpgradeCheck = 0930;
				ORGANIZATIONNAME = "黄河";
				TargetAttributes = {
					6C006F08208DBE5100A995E9 = {
						CreatedOnToolsVersion = 9.3;
					};
				};
			};
			buildConfigurationList = 6C006F04208DBE5000A995E9 /* Build configuration list for PBXProject "RCTTelinkBt" */;
			compatibilityVersion = "Xcode 9.3";
			developmentRegion = en;
			hasScannedForEncodings = 0;
			knownRegions = (
				en,
			);
			mainGroup = 6C006F00208DBE5000A995E9;
			productRefGroup = 6C006F0A208DBE5100A995E9 /* Products */;
			projectDirPath = "";
			projectRoot = "";
			targets = (
				6C006F08208DBE5100A995E9 /* RCTTelinkBt */,
			);
		};
/* End PBXProject section */

/* Begin PBXSourcesBuildPhase section */
		6C006F05208DBE5100A995E9 /* Sources */ = {
			isa = PBXSourcesBuildPhase;
			buildActionMask = 2147483647;
			files = (
				6CAC7A2320A139F000B31D67 /* CryptoAction.m in Sources */,
				6C34A800208DD7CD00F9C6FE /* RCTTelinkBt.m in Sources */,
				6CAC7A1D20A139F000B31D67 /* UIWindow+ARShow.m in Sources */,
				6CAC7A2220A139F000B31D67 /* CryptoUtil.c in Sources */,
				6CAC7A1F20A139F000B31D67 /* BTDevItem.m in Sources */,
				6CAC7A2120A139F000B31D67 /* BTCentralManager.m in Sources */,
				6CAC7A2020A139F000B31D67 /* TranslateTool.m in Sources */,
				6CAC7A1E20A139F000B31D67 /* DeviceModel.m in Sources */,
			);
			runOnlyForDeploymentPostprocessing = 0;
		};
/* End PBXSourcesBuildPhase section */

/* Begin XCBuildConfiguration section */
		6C006F10208DBE5100A995E9 /* Debug */ = {
			isa = XCBuildConfiguration;
			buildSettings = {
				ALWAYS_SEARCH_USER_PATHS = NO;
				CLANG_ANALYZER_NONNULL = YES;
				CLANG_ANALYZER_NUMBER_OBJECT_CONVERSION = YES_AGGRESSIVE;
				CLANG_CXX_LANGUAGE_STANDARD = "gnu++14";
				CLANG_CXX_LIBRARY = "libc++";
				CLANG_ENABLE_MODULES = YES;
				CLANG_ENABLE_OBJC_ARC = YES;
				CLANG_ENABLE_OBJC_WEAK = YES;
				CLANG_WARN_BLOCK_CAPTURE_AUTORELEASING = YES;
				CLANG_WARN_BOOL_CONVERSION = YES;
				CLANG_WARN_COMMA = YES;
				CLANG_WARN_CONSTANT_CONVERSION = YES;
				CLANG_WARN_DEPRECATED_OBJC_IMPLEMENTATIONS = YES;
				CLANG_WARN_DIRECT_OBJC_ISA_USAGE = YES_ERROR;
				CLANG_WARN_DOCUMENTATION_COMMENTS = YES;
				CLANG_WARN_EMPTY_BODY = YES;
				CLANG_WARN_ENUM_CONVERSION = YES;
				CLANG_WARN_INFINITE_RECURSION = YES;
				CLANG_WARN_INT_CONVERSION = YES;
				CLANG_WARN_NON_LITERAL_NULL_CONVERSION = YES;
				CLANG_WARN_OBJC_IMPLICIT_RETAIN_SELF = YES;
				CLANG_WARN_OBJC_LITERAL_CONVERSION = YES;
				CLANG_WARN_OBJC_ROOT_CLASS = YES_ERROR;
				CLANG_WARN_RANGE_LOOP_ANALYSIS = YES;
				CLANG_WARN_STRICT_PROTOTYPES = YES;
				CLANG_WARN_SUSPICIOUS_MOVE = YES;
				CLANG_WARN_UNGUARDED_AVAILABILITY = YES_AGGRESSIVE;
				CLANG_WARN_UNREACHABLE_CODE = YES;
				CLANG_WARN__DUPLICATE_METHOD_MATCH = YES;
				CODE_SIGN_IDENTITY = "iPhone Developer";
				COPY_PHASE_STRIP = NO;
				DEBUG_INFORMATION_FORMAT = dwarf;
				ENABLE_STRICT_OBJC_MSGSEND = YES;
				ENABLE_TESTABILITY = YES;
				GCC_C_LANGUAGE_STANDARD = gnu11;
				GCC_DYNAMIC_NO_PIC = NO;
				GCC_NO_COMMON_BLOCKS = YES;
				GCC_OPTIMIZATION_LEVEL = 0;
				GCC_PREPROCESSOR_DEFINITIONS = (
					"DEBUG=1",
					"$(inherited)",
				);
				GCC_WARN_64_TO_32_BIT_CONVERSION = YES;
				GCC_WARN_ABOUT_RETURN_TYPE = YES_ERROR;
				GCC_WARN_UNDECLARED_SELECTOR = YES;
				GCC_WARN_UNINITIALIZED_AUTOS = YES_AGGRESSIVE;
				GCC_WARN_UNUSED_FUNCTION = YES;
				GCC_WARN_UNUSED_VARIABLE = YES;
				IPHONEOS_DEPLOYMENT_TARGET = 11.3;
				MTL_ENABLE_DEBUG_INFO = YES;
				ONLY_ACTIVE_ARCH = YES;
				SDKROOT = iphoneos;
			};
			name = Debug;
		};
		6C006F11208DBE5100A995E9 /* Release */ = {
			isa = XCBuildConfiguration;
			buildSettings = {
				ALWAYS_SEARCH_USER_PATHS = NO;
				CLANG_ANALYZER_NONNULL = YES;
				CLANG_ANALYZER_NUMBER_OBJECT_CONVERSION = YES_AGGRESSIVE;
				CLANG_CXX_LANGUAGE_STANDARD = "gnu++14";
				CLANG_CXX_LIBRARY = "libc++";
				CLANG_ENABLE_MODULES = YES;
				CLANG_ENABLE_OBJC_ARC = YES;
				CLANG_ENABLE_OBJC_WEAK = YES;
				CLANG_WARN_BLOCK_CAPTURE_AUTORELEASING = YES;
				CLANG_WARN_BOOL_CONVERSION = YES;
				CLANG_WARN_COMMA = YES;
				CLANG_WARN_CONSTANT_CONVERSION = YES;
				CLANG_WARN_DEPRECATED_OBJC_IMPLEMENTATIONS = YES;
				CLANG_WARN_DIRECT_OBJC_ISA_USAGE = YES_ERROR;
				CLANG_WARN_DOCUMENTATION_COMMENTS = YES;
				CLANG_WARN_EMPTY_BODY = YES;
				CLANG_WARN_ENUM_CONVERSION = YES;
				CLANG_WARN_INFINITE_RECURSION = YES;
				CLANG_WARN_INT_CONVERSION = YES;
				CLANG_WARN_NON_LITERAL_NULL_CONVERSION = YES;
				CLANG_WARN_OBJC_IMPLICIT_RETAIN_SELF = YES;
				CLANG_WARN_OBJC_LITERAL_CONVERSION = YES;
				CLANG_WARN_OBJC_ROOT_CLASS = YES_ERROR;
				CLANG_WARN_RANGE_LOOP_ANALYSIS = YES;
				CLANG_WARN_STRICT_PROTOTYPES = YES;
				CLANG_WARN_SUSPICIOUS_MOVE = YES;
				CLANG_WARN_UNGUARDED_AVAILABILITY = YES_AGGRESSIVE;
				CLANG_WARN_UNREACHABLE_CODE = YES;
				CLANG_WARN__DUPLICATE_METHOD_MATCH = YES;
				CODE_SIGN_IDENTITY = "iPhone Developer";
				COPY_PHASE_STRIP = NO;
				DEBUG_INFORMATION_FORMAT = "dwarf-with-dsym";
				ENABLE_NS_ASSERTIONS = NO;
				ENABLE_STRICT_OBJC_MSGSEND = YES;
				GCC_C_LANGUAGE_STANDARD = gnu11;
				GCC_NO_COMMON_BLOCKS = YES;
				GCC_WARN_64_TO_32_BIT_CONVERSION = YES;
				GCC_WARN_ABOUT_RETURN_TYPE = YES_ERROR;
				GCC_WARN_UNDECLARED_SELECTOR = YES;
				GCC_WARN_UNINITIALIZED_AUTOS = YES_AGGRESSIVE;
				GCC_WARN_UNUSED_FUNCTION = YES;
				GCC_WARN_UNUSED_VARIABLE = YES;
				IPHONEOS_DEPLOYMENT_TARGET = 11.3;
				MTL_ENABLE_DEBUG_INFO = NO;
				SDKROOT = iphoneos;
				VALIDATE_PRODUCT = YES;
			};
			name = Release;
		};
		6C006F13208DBE5100A995E9 /* Debug */ = {
			isa = XCBuildConfiguration;
			buildSettings = {
				CODE_SIGN_STYLE = Automatic;
				OTHER_LDFLAGS = "-ObjC";
				PRODUCT_NAME = "$(TARGET_NAME)";
				SKIP_INSTALL = YES;
				SYSTEM_HEADER_SEARCH_PATHS = "$(SRCROOT)/../../../../node_modules/react-native/React/**";
				TARGETED_DEVICE_FAMILY = "1,2";
			};
			name = Debug;
		};
		6C006F14208DBE5100A995E9 /* Release */ = {
			isa = XCBuildConfiguration;
			buildSettings = {
				CODE_SIGN_STYLE = Automatic;
				OTHER_LDFLAGS = "-ObjC";
				PRODUCT_NAME = "$(TARGET_NAME)";
				SKIP_INSTALL = YES;
				SYSTEM_HEADER_SEARCH_PATHS = "$(SRCROOT)/../../../../node_modules/react-native/React/**";
				TARGETED_DEVICE_FAMILY = "1,2";
			};
			name = Release;
		};
/* End XCBuildConfiguration section */

/* Begin XCConfigurationList section */
		6C006F04208DBE5000A995E9 /* Build configuration list for PBXProject "RCTTelinkBt" */ = {
			isa = XCConfigurationList;
			buildConfigurations = (
				6C006F10208DBE5100A995E9 /* Debug */,
				6C006F11208DBE5100A995E9 /* Release */,
			);
			defaultConfigurationIsVisible = 0;
			defaultConfigurationName = Release;
		};
		6C006F12208DBE5100A995E9 /* Build configuration list for PBXNativeTarget "RCTTelinkBt" */ = {
			isa = XCConfigurationList;
			buildConfigurations = (
				6C006F13208DBE5100A995E9 /* Debug */,
				6C006F14208DBE5100A995E9 /* Release */,
			);
			defaultConfigurationIsVisible = 0;
			defaultConfigurationName = Release;
		};
/* End XCConfigurationList section */
	};
	rootObject = 6C006F01208DBE5000A995E9 /* Project object */;
}
